
Microsoft Visual Studio Solution File, Format Version 12.00
# Visual Studio Version 16
VisualStudioVersion = 16.0.808.6
MinimumVisualStudioVersion = 10.0.40219.1
Project("{FAE04EC0-301F-11D3-BF4B-00C04F79EFBC}") = "Integration", "Integration\Integration.csproj", "{B875B67E-FCEA-4797-A39B-0C34BBE8DFA2}"
EndProject
Project("{FAE04EC0-301F-11D3-BF4B-00C04F79EFBC}") = "Integration.UnitTests", "Integration.UnitTests\Integration.UnitTests.csproj", "{1E057EAC-2441-47BF-AA18-876861DB778A}"
EndProject
Global
	GlobalSection(SolutionConfigurationPlatforms) = preSolution
		Debug|Any CPU = Debug|Any CPU
		Release|Any CPU = Release|Any CPU
	EndGlobalSection
	GlobalSection(ProjectConfigurationPlatforms) = postSolution
		{B875B67E-FCEA-4797-A39B-0C34BBE8DFA2}.Debug|Any CPU.ActiveCfg = Debug|Any CPU
		{B875B67E-FCEA-4797-A39B-0C34BBE8DFA2}.Debug|Any CPU.Build.0 = Debug|Any CPU
		{B875B67E-FCEA-4797-A39B-0C34BBE8DFA2}.Release|Any CPU.ActiveCfg = Release|Any CPU
		{B875B67E-FCEA-4797-A39B-0C34BBE8DFA2}.Release|Any CPU.Build.0 = Release|Any CPU
		{1E057EAC-2441-47BF-AA18-876861DB778A}.Debug|Any CPU.ActiveCfg = Debug|Any CPU
		{1E057EAC-2441-47BF-AA18-876861DB778A}.Debug|Any CPU.Build.0 = Debug|Any CPU
		{1E057EAC-2441-47BF-AA18-876861DB778A}.Release|Any CPU.ActiveCfg = Release|Any CPU
		{1E057EAC-2441-47BF-AA18-876861DB778A}.Release|Any CPU.Build.0 = Release|Any CPU
	EndGlobalSection
	GlobalSection(SolutionProperties) = preSolution
		HideSolutionNode = FALSE
	EndGlobalSection
	GlobalSection(ExtensibilityGlobals) = postSolution
		SolutionGuid = {D7DD2BAC-0B15-4C4B-84DA-8D6703D5FD03}
	EndGlobalSection
EndGlobal
